
Microsoft Visual Studio Solution File, Format Version 12.00
# Visual Studio Version 17
VisualStudioVersion = 17.10.35013.160
MinimumVisualStudioVersion = 10.0.40219.1
Project("{FAE04EC0-301F-11D3-BF4B-00C04F79EFBC}") = "Site Inspection Management MVC", "Site Inspection Management MVC\Site Inspection Management MVC.csproj", "{2746F356-107F-4596-8501-051C3380518D}"
EndProject
Global
	GlobalSection(SolutionConfigurationPlatforms) = preSolution
		Debug|Any CPU = Debug|Any CPU
		Release|Any CPU = Release|Any CPU
	EndGlobalSection
	GlobalSection(ProjectConfigurationPlatforms) = postSolution
		{2746F356-107F-4596-8501-051C3380518D}.Debug|Any CPU.ActiveCfg = Debug|Any CPU
		{2746F356-107F-4596-8501-051C3380518D}.Debug|Any CPU.Build.0 = Debug|Any CPU
		{2746F356-107F-4596-8501-051C3380518D}.Release|Any CPU.ActiveCfg = Release|Any CPU
		{2746F356-107F-4596-8501-051C3380518D}.Release|Any CPU.Build.0 = Release|Any CPU
	EndGlobalSection
	GlobalSection(SolutionProperties) = preSolution
		HideSolutionNode = FALSE
	EndGlobalSection
	GlobalSection(ExtensibilityGlobals) = postSolution
		SolutionGuid = {8AE3AA09-70BA-49C5-89C0-2209EF590434}
	EndGlobalSection
EndGlobal
